// !$*UTF8*$!
{
	archiveVersion = 1;
	classes = {
	};
	objectVersion = 77;
	objects = {

/* Begin PBXContainerItemProxy section */
		8443ABB12D0F5151006D8AAF /* PBXContainerItemProxy */ = {
			isa = PBXContainerItemProxy;
			containerPortal = 8443AB912D0F514F006D8AAF /* Project object */;
			proxyType = 1;
			remoteGlobalIDString = 8443AB982D0F514F006D8AAF;
			remoteInfo = ThinkFlix;
		};
		8443ABBB2D0F5151006D8AAF /* PBXContainerItemProxy */ = {
			isa = PBXContainerItemProxy;
			containerPortal = 8443AB912D0F514F006D8AAF /* Project object */;
			proxyType = 1;
			remoteGlobalIDString = 8443AB982D0F514F006D8AAF;
			remoteInfo = ThinkFlix;
		};
/* End PBXContainerItemProxy section */

/* Begin PBXFileReference section */
		8443AB992D0F514F006D8AAF /* ThinkFlix.app */ = {isa = PBXFileReference; explicitFileType = wrapper.application; includeInIndex = 0; path = ThinkFlix.app; sourceTree = BUILT_PRODUCTS_DIR; };
		8443ABB02D0F5151006D8AAF /* ThinkFlixTests.xctest */ = {isa = PBXFileReference; explicitFileType = wrapper.cfbundle; includeInIndex = 0; path = ThinkFlixTests.xctest; sourceTree = BUILT_PRODUCTS_DIR; };
		8443ABBA2D0F5151006D8AAF /* ThinkFlixUITests.xctest */ = {isa = PBXFileReference; explicitFileType = wrapper.cfbundle; includeInIndex = 0; path = ThinkFlixUITests.xctest; sourceTree = BUILT_PRODUCTS_DIR; };
/* End PBXFileReference section */

/* Begin PBXFileSystemSynchronizedBuildFileExceptionSet section */
		8443ABC22D0F5151006D8AAF /* Exceptions for "ThinkFlix" folder in "ThinkFlix" target */ = {
			isa = PBXFileSystemSynchronizedBuildFileExceptionSet;
			membershipExceptions = (
				Info.plist,
			);
			target = 8443AB982D0F514F006D8AAF /* ThinkFlix */;
		};
/* End PBXFileSystemSynchronizedBuildFileExceptionSet section */

/* Begin PBXFileSystemSynchronizedRootGroup section */
		8443AB9B2D0F514F006D8AAF /* ThinkFlix */ = {
			isa = PBXFileSystemSynchronizedRootGroup;
			exceptions = (
				8443ABC22D0F5151006D8AAF /* Exceptions for "ThinkFlix" folder in "ThinkFlix" target */,
			);
			path = ThinkFlix;
			sourceTree = "<group>";
		};
		8443ABB32D0F5151006D8AAF /* ThinkFlixTests */ = {
			isa = PBXFileSystemSynchronizedRootGroup;
			path = ThinkFlixTests;
			sourceTree = "<group>";
		};
		8443ABBD2D0F5151006D8AAF /* ThinkFlixUITests */ = {
			isa = PBXFileSystemSynchronizedRootGroup;
			path = ThinkFlixUITests;
			sourceTree = "<group>";
		};
/* End PBXFileSystemSynchronizedRootGroup section */

/* Begin PBXFrameworksBuildPhase section */
		8443AB962D0F514F006D8AAF /* Frameworks */ = {
			isa = PBXFrameworksBuildPhase;
			buildActionMask = 2147483647;
			files = (
			);
			runOnlyForDeploymentPostprocessing = 0;
		};
		8443ABAD2D0F5151006D8AAF /* Frameworks */ = {
			isa = PBXFrameworksBuildPhase;
			buildActionMask = 2147483647;
			files = (
			);
			runOnlyForDeploymentPostprocessing = 0;
		};
		8443ABB72D0F5151006D8AAF /* Frameworks */ = {
			isa = PBXFrameworksBuildPhase;
			buildActionMask = 2147483647;
			files = (
			);
			runOnlyForDeploymentPostprocessing = 0;
		};
/* End PBXFrameworksBuildPhase section */

/* Begin PBXGroup section */
		8443AB902D0F514F006D8AAF = {
			isa = PBXGroup;
			children = (
				8443AB9B2D0F514F006D8AAF /* ThinkFlix */,
				8443ABB32D0F5151006D8AAF /* ThinkFlixTests */,
				8443ABBD2D0F5151006D8AAF /* ThinkFlixUITests */,
				8443AB9A2D0F514F006D8AAF /* Products */,
			);
			sourceTree = "<group>";
		};
		8443AB9A2D0F514F006D8AAF /* Products */ = {
			isa = PBXGroup;
			children = (
				8443AB992D0F514F006D8AAF /* ThinkFlix.app */,
				8443ABB02D0F5151006D8AAF /* ThinkFlixTests.xctest */,
				8443ABBA2D0F5151006D8AAF /* ThinkFlixUITests.xctest */,
			);
			name = Products;
			sourceTree = "<group>";
		};
/* End PBXGroup section */

/* Begin PBXNativeTarget section */
		8443AB982D0F514F006D8AAF /* ThinkFlix */ = {
			isa = PBXNativeTarget;
			buildConfigurationList = 8443ABC32D0F5151006D8AAF /* Build configuration list for PBXNativeTarget "ThinkFlix" */;
			buildPhases = (
				8443AB952D0F514F006D8AAF /* Sources */,
				8443AB962D0F514F006D8AAF /* Frameworks */,
				8443AB972D0F514F006D8AAF /* Resources */,
			);
			buildRules = (
			);
			dependencies = (
			);
			fileSystemSynchronizedGroups = (
				8443AB9B2D0F514F006D8AAF /* ThinkFlix */,
			);
			name = ThinkFlix;
			packageProductDependencies = (
			);
			productName = ThinkFlix;
			productReference = 8443AB992D0F514F006D8AAF /* ThinkFlix.app */;
			productType = "com.apple.product-type.application";
		};
		8443ABAF2D0F5151006D8AAF /* ThinkFlixTests */ = {
			isa = PBXNativeTarget;
			buildConfigurationList = 8443ABC82D0F5151006D8AAF /* Build configuration list for PBXNativeTarget "ThinkFlixTests" */;
			buildPhases = (
				8443ABAC2D0F5151006D8AAF /* Sources */,
				8443ABAD2D0F5151006D8AAF /* Frameworks */,
				8443ABAE2D0F5151006D8AAF /* Resources */,
			);
			buildRules = (
			);
			dependencies = (
				8443ABB22D0F5151006D8AAF /* PBXTargetDependency */,
			);
			fileSystemSynchronizedGroups = (
				8443ABB32D0F5151006D8AAF /* ThinkFlixTests */,
			);
			name = ThinkFlixTests;
			packageProductDependencies = (
			);
			productName = ThinkFlixTests;
			productReference = 8443ABB02D0F5151006D8AAF /* ThinkFlixTests.xctest */;
			productType = "com.apple.product-type.bundle.unit-test";
		};
		8443ABB92D0F5151006D8AAF /* ThinkFlixUITests */ = {
			isa = PBXNativeTarget;
			buildConfigurationList = 8443ABCB2D0F5151006D8AAF /* Build configuration list for PBXNativeTarget "ThinkFlixUITests" */;
			buildPhases = (
				8443ABB62D0F5151006D8AAF /* Sources */,
				8443ABB72D0F5151006D8AAF /* Frameworks */,
				8443ABB82D0F5151006D8AAF /* Resources */,
			);
			buildRules = (
			);
			dependencies = (
				8443ABBC2D0F5151006D8AAF /* PBXTargetDependency */,
			);
			fileSystemSynchronizedGroups = (
				8443ABBD2D0F5151006D8AAF /* ThinkFlixUITests */,
			);
			name = ThinkFlixUITests;
			packageProductDependencies = (
			);
			productName = ThinkFlixUITests;
			productReference = 8443ABBA2D0F5151006D8AAF /* ThinkFlixUITests.xctest */;
			productType = "com.apple.product-type.bundle.ui-testing";
		};
/* End PBXNativeTarget section */

/* Begin PBXProject section */
		8443AB912D0F514F006D8AAF /* Project object */ = {
			isa = PBXProject;
			attributes = {
				BuildIndependentTargetsInParallel = 1;
				LastSwiftUpdateCheck = 1620;
				LastUpgradeCheck = 1620;
				TargetAttributes = {
					8443AB982D0F514F006D8AAF = {
						CreatedOnToolsVersion = 16.2;
					};
					8443ABAF2D0F5151006D8AAF = {
						CreatedOnToolsVersion = 16.2;
						TestTargetID = 8443AB982D0F514F006D8AAF;
					};
					8443ABB92D0F5151006D8AAF = {
						CreatedOnToolsVersion = 16.2;
						TestTargetID = 8443AB982D0F514F006D8AAF;
					};
				};
			};
			buildConfigurationList = 8443AB942D0F514F006D8AAF /* Build configuration list for PBXProject "ThinkFlix" */;
			developmentRegion = en;
			hasScannedForEncodings = 0;
			knownRegions = (
				en,
				Base,
				de,
			);
			mainGroup = 8443AB902D0F514F006D8AAF;
			minimizedProjectReferenceProxies = 1;
			preferredProjectObjectVersion = 77;
			productRefGroup = 8443AB9A2D0F514F006D8AAF /* Products */;
			projectDirPath = "";
			projectRoot = "";
			targets = (
				8443AB982D0F514F006D8AAF /* ThinkFlix */,
				8443ABAF2D0F5151006D8AAF /* ThinkFlixTests */,
				8443ABB92D0F5151006D8AAF /* ThinkFlixUITests */,
			);
		};
/* End PBXProject section */

/* Begin PBXResourcesBuildPhase section */
		8443AB972D0F514F006D8AAF /* Resources */ = {
			isa = PBXResourcesBuildPhase;
			buildActionMask = 2147483647;
			files = (
			);
			runOnlyForDeploymentPostprocessing = 0;
		};
		8443ABAE2D0F5151006D8AAF /* Resources */ = {
			isa = PBXResourcesBuildPhase;
			buildActionMask = 2147483647;
			files = (
			);
			runOnlyForDeploymentPostprocessing = 0;
		};
		8443ABB82D0F5151006D8AAF /* Resources */ = {
			isa = PBXResourcesBuildPhase;
			buildActionMask = 2147483647;
			files = (
			);
			runOnlyForDeploymentPostprocessing = 0;
		};
/* End PBXResourcesBuildPhase section */

/* Begin PBXSourcesBuildPhase section */
		8443AB952D0F514F006D8AAF /* Sources */ = {
			isa = PBXSourcesBuildPhase;
			buildActionMask = 2147483647;
			files = (
			);
			runOnlyForDeploymentPostprocessing = 0;
		};
		8443ABAC2D0F5151006D8AAF /* Sources */ = {
			isa = PBXSourcesBuildPhase;
			buildActionMask = 2147483647;
			files = (
			);
			runOnlyForDeploymentPostprocessing = 0;
		};
		8443ABB62D0F5151006D8AAF /* Sources */ = {
			isa = PBXSourcesBuildPhase;
			buildActionMask = 2147483647;
			files = (
			);
			runOnlyForDeploymentPostprocessing = 0;
		};
/* End PBXSourcesBuildPhase section */

/* Begin PBXTargetDependency section */
		8443ABB22D0F5151006D8AAF /* PBXTargetDependency */ = {
			isa = PBXTargetDependency;
			target = 8443AB982D0F514F006D8AAF /* ThinkFlix */;
			targetProxy = 8443ABB12D0F5151006D8AAF /* PBXContainerItemProxy */;
		};
		8443ABBC2D0F5151006D8AAF /* PBXTargetDependency */ = {
			isa = PBXTargetDependency;
			target = 8443AB982D0F514F006D8AAF /* ThinkFlix */;
			targetProxy = 8443ABBB2D0F5151006D8AAF /* PBXContainerItemProxy */;
		};
/* End PBXTargetDependency section */

/* Begin XCBuildConfiguration section */
		8443ABC42D0F5151006D8AAF /* Debug */ = {
			isa = XCBuildConfiguration;
			buildSettings = {
				ASSETCATALOG_COMPILER_APPICON_NAME = AppIcon;
				ASSETCATALOG_COMPILER_GLOBAL_ACCENT_COLOR_NAME = AccentColor;
				CODE_SIGN_ENTITLEMENTS = ThinkFlix/ThinkFlix.entitlements;
				CODE_SIGN_STYLE = Automatic;
				CURRENT_PROJECT_VERSION = 1;
				DEVELOPMENT_ASSET_PATHS = "\"ThinkFlix/Preview Content\"";
				DEVELOPMENT_TEAM = Q87UDX5898;
				ENABLE_PREVIEWS = YES;
				GENERATE_INFOPLIST_FILE = YES;
				INFOPLIST_FILE = ThinkFlix/Info.plist;
				INFOPLIST_KEY_CFBundleDisplayName = ThinkFlix;
				INFOPLIST_KEY_LSApplicationCategoryType = "public.app-category.trivia-games";
				INFOPLIST_KEY_UIApplicationSceneManifest_Generation = YES;
				INFOPLIST_KEY_UIApplicationSupportsIndirectInputEvents = YES;
				INFOPLIST_KEY_UILaunchScreen_Generation = YES;
				INFOPLIST_KEY_UISupportedInterfaceOrientations_iPad = "UIInterfaceOrientationPortrait UIInterfaceOrientationPortraitUpsideDown UIInterfaceOrientationLandscapeLeft UIInterfaceOrientationLandscapeRight";
				INFOPLIST_KEY_UISupportedInterfaceOrientations_iPhone = "UIInterfaceOrientationPortrait UIInterfaceOrientationLandscapeLeft UIInterfaceOrientationLandscapeRight";
				IPHONEOS_DEPLOYMENT_TARGET = 18.0;
				LD_RUNPATH_SEARCH_PATHS = (
					"$(inherited)",
					"@executable_path/Frameworks",
				);
				MACOSX_DEPLOYMENT_TARGET = 15.0;
				MARKETING_VERSION = 1.0;
				PRODUCT_BUNDLE_IDENTIFIER = dev.jules.ThinkFlix;
				PRODUCT_NAME = "$(TARGET_NAME)";
				SWIFT_EMIT_LOC_STRINGS = YES;
				SWIFT_VERSION = 5.0;
				TARGETED_DEVICE_FAMILY = "1,2";
				TVOS_DEPLOYMENT_TARGET = 18.0;
				WATCHOS_DEPLOYMENT_TARGET = 11.0;
				XROS_DEPLOYMENT_TARGET = 2.0;
			};
			name = Debug;
		};
		8443ABC52D0F5151006D8AAF /* Release */ = {
			isa = XCBuildConfiguration;
			buildSettings = {
				ASSETCATALOG_COMPILER_APPICON_NAME = AppIcon;
				ASSETCATALOG_COMPILER_GLOBAL_ACCENT_COLOR_NAME = AccentColor;
				CODE_SIGN_ENTITLEMENTS = ThinkFlix/ThinkFlix.entitlements;
				CODE_SIGN_STYLE = Automatic;
				CURRENT_PROJECT_VERSION = 1;
				DEVELOPMENT_ASSET_PATHS = "\"ThinkFlix/Preview Content\"";
				DEVELOPMENT_TEAM = Q87UDX5898;
				ENABLE_PREVIEWS = YES;
				GENERATE_INFOPLIST_FILE = YES;
				INFOPLIST_FILE = ThinkFlix/Info.plist;
				INFOPLIST_KEY_CFBundleDisplayName = ThinkFlix;
				INFOPLIST_KEY_LSApplicationCategoryType = "public.app-category.trivia-games";
				INFOPLIST_KEY_UIApplicationSceneManifest_Generation = YES;
				INFOPLIST_KEY_UIApplicationSupportsIndirectInputEvents = YES;
				INFOPLIST_KEY_UILaunchScreen_Generation = YES;
				INFOPLIST_KEY_UISupportedInterfaceOrientations_iPad = "UIInterfaceOrientationPortrait UIInterfaceOrientationPortraitUpsideDown UIInterfaceOrientationLandscapeLeft UIInterfaceOrientationLandscapeRight";
				INFOPLIST_KEY_UISupportedInterfaceOrientations_iPhone = "UIInterfaceOrientationPortrait UIInterfaceOrientationLandscapeLeft UIInterfaceOrientationLandscapeRight";
				IPHONEOS_DEPLOYMENT_TARGET = 18.0;
				LD_RUNPATH_SEARCH_PATHS = (
					"$(inherited)",
					"@executable_path/Frameworks",
				);
				MACOSX_DEPLOYMENT_TARGET = 15.0;
				MARKETING_VERSION = 1.0;
				PRODUCT_BUNDLE_IDENTIFIER = dev.jules.ThinkFlix;
				PRODUCT_NAME = "$(TARGET_NAME)";
				SWIFT_EMIT_LOC_STRINGS = YES;
				SWIFT_VERSION = 5.0;
				TARGETED_DEVICE_FAMILY = "1,2";
				TVOS_DEPLOYMENT_TARGET = 18.0;
				WATCHOS_DEPLOYMENT_TARGET = 11.0;
				XROS_DEPLOYMENT_TARGET = 2.0;
			};
			name = Release;
		};
		8443ABC62D0F5151006D8AAF /* Debug */ = {
			isa = XCBuildConfiguration;
			buildSettings = {
				ALWAYS_SEARCH_USER_PATHS = NO;
				ASSETCATALOG_COMPILER_GENERATE_SWIFT_ASSET_SYMBOL_EXTENSIONS = YES;
				CLANG_ANALYZER_NONNULL = YES;
				CLANG_ANALYZER_NUMBER_OBJECT_CONVERSION = YES_AGGRESSIVE;
				CLANG_CXX_LANGUAGE_STANDARD = "gnu++20";
				CLANG_ENABLE_MODULES = YES;
				CLANG_ENABLE_OBJC_ARC = YES;
				CLANG_ENABLE_OBJC_WEAK = YES;
				CLANG_WARN_BLOCK_CAPTURE_AUTORELEASING = YES;
				CLANG_WARN_BOOL_CONVERSION = YES;
				CLANG_WARN_COMMA = YES;
				CLANG_WARN_CONSTANT_CONVERSION = YES;
				CLANG_WARN_DEPRECATED_OBJC_IMPLEMENTATIONS = YES;
				CLANG_WARN_DIRECT_OBJC_ISA_USAGE = YES_ERROR;
				CLANG_WARN_DOCUMENTATION_COMMENTS = YES;
				CLANG_WARN_EMPTY_BODY = YES;
				CLANG_WARN_ENUM_CONVERSION = YES;
				CLANG_WARN_INFINITE_RECURSION = YES;
				CLANG_WARN_INT_CONVERSION = YES;
				CLANG_WARN_NON_LITERAL_NULL_CONVERSION = YES;
				CLANG_WARN_OBJC_IMPLICIT_RETAIN_SELF = YES;
				CLANG_WARN_OBJC_LITERAL_CONVERSION = YES;
				CLANG_WARN_OBJC_ROOT_CLASS = YES_ERROR;
				CLANG_WARN_QUOTED_INCLUDE_IN_FRAMEWORK_HEADER = YES;
				CLANG_WARN_RANGE_LOOP_ANALYSIS = YES;
				CLANG_WARN_STRICT_PROTOTYPES = YES;
				CLANG_WARN_SUSPICIOUS_MOVE = YES;
				CLANG_WARN_UNGUARDED_AVAILABILITY = YES_AGGRESSIVE;
				CLANG_WARN_UNREACHABLE_CODE = YES;
				CLANG_WARN__DUPLICATE_METHOD_MATCH = YES;
				COPY_PHASE_STRIP = NO;
				DEBUG_INFORMATION_FORMAT = dwarf;
				ENABLE_STRICT_OBJC_MSGSEND = YES;
				ENABLE_TESTABILITY = YES;
				ENABLE_USER_SCRIPT_SANDBOXING = YES;
				GCC_C_LANGUAGE_STANDARD = gnu17;
				GCC_DYNAMIC_NO_PIC = NO;
				GCC_NO_COMMON_BLOCKS = YES;
				GCC_OPTIMIZATION_LEVEL = 0;
				GCC_PREPROCESSOR_DEFINITIONS = (
					"DEBUG=1",
					"$(inherited)",
				);
				GCC_WARN_64_TO_32_BIT_CONVERSION = YES;
				GCC_WARN_ABOUT_RETURN_TYPE = YES_ERROR;
				GCC_WARN_UNDECLARED_SELECTOR = YES;
				GCC_WARN_UNINITIALIZED_AUTOS = YES_AGGRESSIVE;
				GCC_WARN_UNUSED_FUNCTION = YES;
				GCC_WARN_UNUSED_VARIABLE = YES;
				IPHONEOS_DEPLOYMENT_TARGET = 18.2;
				LOCALIZATION_PREFERS_STRING_CATALOGS = YES;
				MTL_ENABLE_DEBUG_INFO = INCLUDE_SOURCE;
				MTL_FAST_MATH = YES;
				ONLY_ACTIVE_ARCH = YES;
				SDKROOT = iphoneos;
				SWIFT_ACTIVE_COMPILATION_CONDITIONS = "DEBUG $(inherited)";
				SWIFT_OPTIMIZATION_LEVEL = "-Onone";
			};
			name = Debug;
		};
		8443ABC72D0F5151006D8AAF /* Release */ = {
			isa = XCBuildConfiguration;
			buildSettings = {
				ALWAYS_SEARCH_USER_PATHS = NO;
				ASSETCATALOG_COMPILER_GENERATE_SWIFT_ASSET_SYMBOL_EXTENSIONS = YES;
				CLANG_ANALYZER_NONNULL = YES;
				CLANG_ANALYZER_NUMBER_OBJECT_CONVERSION = YES_AGGRESSIVE;
				CLANG_CXX_LANGUAGE_STANDARD = "gnu++20";
				CLANG_ENABLE_MODULES = YES;
				CLANG_ENABLE_OBJC_ARC = YES;
				CLANG_ENABLE_OBJC_WEAK = YES;
				CLANG_WARN_BLOCK_CAPTURE_AUTORELEASING = YES;
				CLANG_WARN_BOOL_CONVERSION = YES;
				CLANG_WARN_COMMA = YES;
				CLANG_WARN_CONSTANT_CONVERSION = YES;
				CLANG_WARN_DEPRECATED_OBJC_IMPLEMENTATIONS = YES;
				CLANG_WARN_DIRECT_OBJC_ISA_USAGE = YES_ERROR;
				CLANG_WARN_DOCUMENTATION_COMMENTS = YES;
				CLANG_WARN_EMPTY_BODY = YES;
				CLANG_WARN_ENUM_CONVERSION = YES;
				CLANG_WARN_INFINITE_RECURSION = YES;
				CLANG_WARN_INT_CONVERSION = YES;
				CLANG_WARN_NON_LITERAL_NULL_CONVERSION = YES;
				CLANG_WARN_OBJC_IMPLICIT_RETAIN_SELF = YES;
				CLANG_WARN_OBJC_LITERAL_CONVERSION = YES;
				CLANG_WARN_OBJC_ROOT_CLASS = YES_ERROR;
				CLANG_WARN_QUOTED_INCLUDE_IN_FRAMEWORK_HEADER = YES;
				CLANG_WARN_RANGE_LOOP_ANALYSIS = YES;
				CLANG_WARN_STRICT_PROTOTYPES = YES;
				CLANG_WARN_SUSPICIOUS_MOVE = YES;
				CLANG_WARN_UNGUARDED_AVAILABILITY = YES_AGGRESSIVE;
				CLANG_WARN_UNREACHABLE_CODE = YES;
				CLANG_WARN__DUPLICATE_METHOD_MATCH = YES;
				COPY_PHASE_STRIP = NO;
				DEBUG_INFORMATION_FORMAT = "dwarf-with-dsym";
				ENABLE_NS_ASSERTIONS = NO;
				ENABLE_STRICT_OBJC_MSGSEND = YES;
				ENABLE_USER_SCRIPT_SANDBOXING = YES;
				GCC_C_LANGUAGE_STANDARD = gnu17;
				GCC_NO_COMMON_BLOCKS = YES;
				GCC_WARN_64_TO_32_BIT_CONVERSION = YES;
				GCC_WARN_ABOUT_RETURN_TYPE = YES_ERROR;
				GCC_WARN_UNDECLARED_SELECTOR = YES;
				GCC_WARN_UNINITIALIZED_AUTOS = YES_AGGRESSIVE;
				GCC_WARN_UNUSED_FUNCTION = YES;
				GCC_WARN_UNUSED_VARIABLE = YES;
				IPHONEOS_DEPLOYMENT_TARGET = 18.2;
				LOCALIZATION_PREFERS_STRING_CATALOGS = YES;
				MTL_ENABLE_DEBUG_INFO = NO;
				MTL_FAST_MATH = YES;
				SDKROOT = iphoneos;
				SWIFT_COMPILATION_MODE = wholemodule;
				VALIDATE_PRODUCT = YES;
			};
			name = Release;
		};
		8443ABC92D0F5151006D8AAF /* Debug */ = {
			isa = XCBuildConfiguration;
			buildSettings = {
				BUNDLE_LOADER = "$(TEST_HOST)";
				CODE_SIGN_STYLE = Automatic;
				CURRENT_PROJECT_VERSION = 1;
				DEVELOPMENT_TEAM = Q87UDX5898;
				GENERATE_INFOPLIST_FILE = YES;
				IPHONEOS_DEPLOYMENT_TARGET = 18.2;
				MARKETING_VERSION = 1.0;
				PRODUCT_BUNDLE_IDENTIFIER = dev.jules.ThinkFlixTests;
				PRODUCT_NAME = "$(TARGET_NAME)";
				SWIFT_EMIT_LOC_STRINGS = NO;
				SWIFT_VERSION = 5.0;
				TARGETED_DEVICE_FAMILY = "1,2";
				TEST_HOST = "$(BUILT_PRODUCTS_DIR)/ThinkFlix.app/$(BUNDLE_EXECUTABLE_FOLDER_PATH)/ThinkFlix";
			};
			name = Debug;
		};
		8443ABCA2D0F5151006D8AAF /* Release */ = {
			isa = XCBuildConfiguration;
			buildSettings = {
				BUNDLE_LOADER = "$(TEST_HOST)";
				CODE_SIGN_STYLE = Automatic;
				CURRENT_PROJECT_VERSION = 1;
				DEVELOPMENT_TEAM = Q87UDX5898;
				GENERATE_INFOPLIST_FILE = YES;
				IPHONEOS_DEPLOYMENT_TARGET = 18.2;
				MARKETING_VERSION = 1.0;
				PRODUCT_BUNDLE_IDENTIFIER = dev.jules.ThinkFlixTests;
				PRODUCT_NAME = "$(TARGET_NAME)";
				SWIFT_EMIT_LOC_STRINGS = NO;
				SWIFT_VERSION = 5.0;
				TARGETED_DEVICE_FAMILY = "1,2";
				TEST_HOST = "$(BUILT_PRODUCTS_DIR)/ThinkFlix.app/$(BUNDLE_EXECUTABLE_FOLDER_PATH)/ThinkFlix";
			};
			name = Release;
		};
		8443ABCC2D0F5151006D8AAF /* Debug */ = {
			isa = XCBuildConfiguration;
			buildSettings = {
				CODE_SIGN_STYLE = Automatic;
				CURRENT_PROJECT_VERSION = 1;
				DEVELOPMENT_TEAM = Q87UDX5898;
				GENERATE_INFOPLIST_FILE = YES;
				MARKETING_VERSION = 1.0;
				PRODUCT_BUNDLE_IDENTIFIER = dev.jules.ThinkFlixUITests;
				PRODUCT_NAME = "$(TARGET_NAME)";
				SWIFT_EMIT_LOC_STRINGS = NO;
				SWIFT_VERSION = 5.0;
				TARGETED_DEVICE_FAMILY = "1,2";
				TEST_TARGET_NAME = ThinkFlix;
			};
			name = Debug;
		};
		8443ABCD2D0F5151006D8AAF /* Release */ = {
			isa = XCBuildConfiguration;
			buildSettings = {
				CODE_SIGN_STYLE = Automatic;
				CURRENT_PROJECT_VERSION = 1;
				DEVELOPMENT_TEAM = Q87UDX5898;
				GENERATE_INFOPLIST_FILE = YES;
				MARKETING_VERSION = 1.0;
				PRODUCT_BUNDLE_IDENTIFIER = dev.jules.ThinkFlixUITests;
				PRODUCT_NAME = "$(TARGET_NAME)";
				SWIFT_EMIT_LOC_STRINGS = NO;
				SWIFT_VERSION = 5.0;
				TARGETED_DEVICE_FAMILY = "1,2";
				TEST_TARGET_NAME = ThinkFlix;
			};
			name = Release;
		};
/* End XCBuildConfiguration section */

/* Begin XCConfigurationList section */
		8443AB942D0F514F006D8AAF /* Build configuration list for PBXProject "ThinkFlix" */ = {
			isa = XCConfigurationList;
			buildConfigurations = (
				8443ABC62D0F5151006D8AAF /* Debug */,
				8443ABC72D0F5151006D8AAF /* Release */,
			);
			defaultConfigurationIsVisible = 0;
			defaultConfigurationName = Release;
		};
		8443ABC32D0F5151006D8AAF /* Build configuration list for PBXNativeTarget "ThinkFlix" */ = {
			isa = XCConfigurationList;
			buildConfigurations = (
				8443ABC42D0F5151006D8AAF /* Debug */,
				8443ABC52D0F5151006D8AAF /* Release */,
			);
			defaultConfigurationIsVisible = 0;
			defaultConfigurationName = Release;
		};
		8443ABC82D0F5151006D8AAF /* Build configuration list for PBXNativeTarget "ThinkFlixTests" */ = {
			isa = XCConfigurationList;
			buildConfigurations = (
				8443ABC92D0F5151006D8AAF /* Debug */,
				8443ABCA2D0F5151006D8AAF /* Release */,
			);
			defaultConfigurationIsVisible = 0;
			defaultConfigurationName = Release;
		};
		8443ABCB2D0F5151006D8AAF /* Build configuration list for PBXNativeTarget "ThinkFlixUITests" */ = {
			isa = XCConfigurationList;
			buildConfigurations = (
				8443ABCC2D0F5151006D8AAF /* Debug */,
				8443ABCD2D0F5151006D8AAF /* Release */,
			);
			defaultConfigurationIsVisible = 0;
			defaultConfigurationName = Release;
		};
/* End XCConfigurationList section */
	};
	rootObject = 8443AB912D0F514F006D8AAF /* Project object */;
}
